PODS:
  - MASFoundation (1.9.00)
  - MASUI (1.9.00):
    - MASFoundation (= 1.9.00)

DEPENDENCIES:
  - MASFoundation (~> 1.9.00)
  - MASUI (~> 1.9.00)

SPEC REPOS:
  https://github.com/cocoapods/specs.git:
    - MASFoundation
    - MASUI

SPEC CHECKSUMS:
  MASFoundation: e19f17cd2a50ef86af42c431ee90788b94497d74
  MASUI: 9ba9584ec2ec66da9213786ea2126a35bb520081

PODFILE CHECKSUM: b4a4edf71b28e163096dae8b0830d95f17374179

COCOAPODS: 1.5.3
